
Microsoft Visual Studio Solution File, Format Version 12.00
# Visual Studio Version 16
VisualStudioVersion = 25.0.1706.10
MinimumVisualStudioVersion = 10.0.40219.1
Project("{FAE04EC0-301F-11D3-BF4B-00C04F79EFBC}") = "BlazorApp2Test", "BlazorApp2Test.csproj", "{0DE06823-56C4-446A-B10E-9667AEC1279B}"
EndProject
Global
	GlobalSection(SolutionConfigurationPlatforms) = preSolution
		Debug|Any CPU = Debug|Any CPU
		Release|Any CPU = Release|Any CPU
	EndGlobalSection
	GlobalSection(ProjectConfigurationPlatforms) = postSolution
		{0DE06823-56C4-446A-B10E-9667AEC1279B}.Debug|Any CPU.ActiveCfg = Debug|Any CPU
		{0DE06823-56C4-446A-B10E-9667AEC1279B}.Debug|Any CPU.Build.0 = Debug|Any CPU
		{0DE06823-56C4-446A-B10E-9667AEC1279B}.Release|Any CPU.ActiveCfg = Release|Any CPU
		{0DE06823-56C4-446A-B10E-9667AEC1279B}.Release|Any CPU.Build.0 = Release|Any CPU
	EndGlobalSection
	GlobalSection(SolutionProperties) = preSolution
		HideSolutionNode = FALSE
	EndGlobalSection
	GlobalSection(ExtensibilityGlobals) = postSolution
		SolutionGuid = {7A51E4C0-0B2F-47AE-96CA-5B9F9DF7CBF4}
	EndGlobalSection
EndGlobal
